
Microsoft Visual Studio Solution File, Format Version 12.00
# Visual Studio Version 16
VisualStudioVersion = 16.0.32106.194
MinimumVisualStudioVersion = 10.0.40219.1
Project("{9A19103F-16F7-4668-BE54-9A1E7A4F7556}") = "Employee_Management_Ver1", "Employee_Management_Ver1\Employee_Management_Ver1.csproj", "{BB5D1C41-7EF9-4959-AE6E-C337CE5B98AD}"
EndProject
Global
	GlobalSection(SolutionConfigurationPlatforms) = preSolution
		Debug|Any CPU = Debug|Any CPU
		Release|Any CPU = Release|Any CPU
	EndGlobalSection
	GlobalSection(ProjectConfigurationPlatforms) = postSolution
		{BB5D1C41-7EF9-4959-AE6E-C337CE5B98AD}.Debug|Any CPU.ActiveCfg = Debug|Any CPU
		{BB5D1C41-7EF9-4959-AE6E-C337CE5B98AD}.Debug|Any CPU.Build.0 = Debug|Any CPU
		{BB5D1C41-7EF9-4959-AE6E-C337CE5B98AD}.Release|Any CPU.ActiveCfg = Release|Any CPU
		{BB5D1C41-7EF9-4959-AE6E-C337CE5B98AD}.Release|Any CPU.Build.0 = Release|Any CPU
	EndGlobalSection
	GlobalSection(SolutionProperties) = preSolution
		HideSolutionNode = FALSE
	EndGlobalSection
	GlobalSection(ExtensibilityGlobals) = postSolution
		SolutionGuid = {24F5F398-6BD9-45B9-9F37-A88C20F33173}
	EndGlobalSection
EndGlobal
